// !$*UTF8*$!
{
	archiveVersion = 1;
	classes = {
	};
	objectVersion = 46;
	objects = {

/* Begin PBXBuildFile section */
		1D2708191B21936200C95571 /* HTWKcrViewController.xib in Resources */ = {isa = PBXBuildFile; fileRef = 1D2708181B21936200C95571 /* HTWKcrViewController.xib */; };
		1D9AAC961B20BCDA00A190E2 /* main.m in Sources */ = {isa = PBXBuildFile; fileRef = 1D9AAC951B20BCDA00A190E2 /* main.m */; };
		1D9AAC991B20BCDA00A190E2 /* AppDelegate.m in Sources */ = {isa = PBXBuildFile; fileRef = 1D9AAC981B20BCDA00A190E2 /* AppDelegate.m */; };
		1D9AACA11B20BCDA00A190E2 /* Images.xcassets in Resources */ = {isa = PBXBuildFile; fileRef = 1D9AACA01B20BCDA00A190E2 /* Images.xcassets */; };
		1D9AACA41B20BCDA00A190E2 /* LaunchScreen.xib in Resources */ = {isa = PBXBuildFile; fileRef = 1D9AACA21B20BCDA00A190E2 /* LaunchScreen.xib */; };
		1D9AACB01B20BCDA00A190E2 /* KCRHelperTests.m in Sources */ = {isa = PBXBuildFile; fileRef = 1D9AACAF1B20BCDA00A190E2 /* KCRHelperTests.m */; };
		1DDA508D1B2184D6009319FB /* ExpeditionsListViewConreoller.m in Sources */ = {isa = PBXBuildFile; fileRef = 1DDA508B1B2184D6009319FB /* ExpeditionsListViewConreoller.m */; };
		1DDA508E1B2184D6009319FB /* ExpeditionsListViewConreoller.xib in Resources */ = {isa = PBXBuildFile; fileRef = 1DDA508C1B2184D6009319FB /* ExpeditionsListViewConreoller.xib */; };
		1DDA50961B21859E009319FB /* 油0.png in Resources */ = {isa = PBXBuildFile; fileRef = 1DDA50921B21859E009319FB /* 油0.png */; };
		1DDA50971B21859E009319FB /* 弹0.png in Resources */ = {isa = PBXBuildFile; fileRef = 1DDA50931B21859E009319FB /* 弹0.png */; };
		1DDA50981B21859E009319FB /* 钢0.png in Resources */ = {isa = PBXBuildFile; fileRef = 1DDA50941B21859E009319FB /* 钢0.png */; };
		1DDA50991B21859E009319FB /* 铝0.png in Resources */ = {isa = PBXBuildFile; fileRef = 1DDA50951B21859E009319FB /* 铝0.png */; };
		1DDA509B1B2185BC009319FB /* 开发建材.png in Resources */ = {isa = PBXBuildFile; fileRef = 1DDA509A1B2185BC009319FB /* 开发建材.png */; };
		1DDA50A21B2185F3009319FB /* image 456.png in Resources */ = {isa = PBXBuildFile; fileRef = 1DDA509E1B2185F3009319FB /* image 456.png */; };
		1DDA50A31B2185F3009319FB /* image 459.png in Resources */ = {isa = PBXBuildFile; fileRef = 1DDA509F1B2185F3009319FB /* image 459.png */; };
		1DDA50A41B2185F3009319FB /* image 461.png in Resources */ = {isa = PBXBuildFile; fileRef = 1DDA50A01B2185F3009319FB /* image 461.png */; };
		1DDA50A51B2185F3009319FB /* image 463.png in Resources */ = {isa = PBXBuildFile; fileRef = 1DDA50A11B2185F3009319FB /* image 463.png */; };
		1DDA50A81B218680009319FB /* 高速修复材.png in Resources */ = {isa = PBXBuildFile; fileRef = 1DDA50A61B218680009319FB /* 高速修复材.png */; };
		1DDA50A91B218680009319FB /* 高速建造材.png in Resources */ = {isa = PBXBuildFile; fileRef = 1DDA50A71B218680009319FB /* 高速建造材.png */; };
		1DDA50AB1B218789009319FB /* logo.png in Resources */ = {isa = PBXBuildFile; fileRef = 1DDA50AA1B218789009319FB /* logo.png */; };
		1DDA50AD1B21878E009319FB /* bg-body.jpg in Resources */ = {isa = PBXBuildFile; fileRef = 1DDA50AC1B21878E009319FB /* bg-body.jpg */; };
		1DDA50AF1B2187A4009319FB /* image 56.png in Resources */ = {isa = PBXBuildFile; fileRef = 1DDA50AE1B2187A4009319FB /* image 56.png */; };
		9A0BB5AB1B2146F80084D30C /* EquipInfoListViewController.m in Sources */ = {isa = PBXBuildFile; fileRef = 9A0BB5AA1B2146F80084D30C /* EquipInfoListViewController.m */; };
		9A0BB5AF1B2147100084D30C /* EquipInfoDetailViewController.m in Sources */ = {isa = PBXBuildFile; fileRef = 9A0BB5AD1B2147100084D30C /* EquipInfoDetailViewController.m */; };
		9A0BB5B01B2147100084D30C /* EquipInfoDetailViewController.xib in Resources */ = {isa = PBXBuildFile; fileRef = 9A0BB5AE1B2147100084D30C /* EquipInfoDetailViewController.xib */; };
		9AE46DDA1B2130B000C13EA9 /* HTWKcrViewController.m in Sources */ = {isa = PBXBuildFile; fileRef = 9AE46DD81B2130B000C13EA9 /* HTWKcrViewController.m */; };
		9AE46DE41B213C0D00C13EA9 /* EquipInfoTableViewController.m in Sources */ = {isa = PBXBuildFile; fileRef = 9AE46DE31B213C0D00C13EA9 /* EquipInfoTableViewController.m */; };
/* End PBXBuildFile section */

/* Begin PBXContainerItemProxy section */
		1D9AACAA1B20BCDA00A190E2 /* PBXContainerItemProxy */ = {
			isa = PBXContainerItemProxy;
			containerPortal = 1D9AAC881B20BCDA00A190E2 /* Project object */;
			proxyType = 1;
			remoteGlobalIDString = 1D9AAC8F1B20BCDA00A190E2;
			remoteInfo = KCRHelper;
		};
/* End PBXContainerItemProxy section */

/* Begin PBXFileReference section */
		1D2708181B21936200C95571 /* HTWKcrViewController.xib */ = {isa = PBXFileReference; fileEncoding = 4; lastKnownFileType = file.xib; path = HTWKcrViewController.xib; sourceTree = "<group>"; };
		1D9AAC901B20BCDA00A190E2 /* KCRHelper.app */ = {isa = PBXFileReference; explicitFileType = wrapper.application; includeInIndex = 0; path = KCRHelper.app; sourceTree = BUILT_PRODUCTS_DIR; };
		1D9AAC941B20BCDA00A190E2 /* Info.plist */ = {isa = PBXFileReference; lastKnownFileType = text.plist.xml; path = Info.plist; sourceTree = "<group>"; };
		1D9AAC951B20BCDA00A190E2 /* main.m */ = {isa = PBXFileReference; lastKnownFileType = sourcecode.c.objc; path = main.m; sourceTree = "<group>"; };
		1D9AAC971B20BCDA00A190E2 /* AppDelegate.h */ = {isa = PBXFileReference; lastKnownFileType = sourcecode.c.h; path = AppDelegate.h; sourceTree = "<group>"; };
		1D9AAC981B20BCDA00A190E2 /* AppDelegate.m */ = {isa = PBXFileReference; lastKnownFileType = sourcecode.c.objc; path = AppDelegate.m; sourceTree = "<group>"; };
		1D9AACA01B20BCDA00A190E2 /* Images.xcassets */ = {isa = PBXFileReference; lastKnownFileType = folder.assetcatalog; path = Images.xcassets; sourceTree = "<group>"; };
		1D9AACA31B20BCDA00A190E2 /* Base */ = {isa = PBXFileReference; lastKnownFileType = file.xib; name = Base; path = Base.lproj/LaunchScreen.xib; sourceTree = "<group>"; };
		1D9AACA91B20BCDA00A190E2 /* KCRHelperTests.xctest */ = {isa = PBXFileReference; explicitFileType = wrapper.cfbundle; includeInIndex = 0; path = KCRHelperTests.xctest; sourceTree = BUILT_PRODUCTS_DIR; };
		1D9AACAE1B20BCDA00A190E2 /* Info.plist */ = {isa = PBXFileReference; lastKnownFileType = text.plist.xml; path = Info.plist; sourceTree = "<group>"; };
		1D9AACAF1B20BCDA00A190E2 /* KCRHelperTests.m */ = {isa = PBXFileReference; lastKnownFileType = sourcecode.c.objc; path = KCRHelperTests.m; sourceTree = "<group>"; };
		1DDA508A1B2184D6009319FB /* ExpeditionsListViewConreoller.h */ = {isa = PBXFileReference; fileEncoding = 4; lastKnownFileType = sourcecode.c.h; name = ExpeditionsListViewConreoller.h; path = ExpeditionInfo/ExpeditionsListViewConreoller.h; sourceTree = "<group>"; };
		1DDA508B1B2184D6009319FB /* ExpeditionsListViewConreoller.m */ = {isa = PBXFileReference; fileEncoding = 4; lastKnownFileType = sourcecode.c.objc; name = ExpeditionsListViewConreoller.m; path = ExpeditionInfo/ExpeditionsListViewConreoller.m; sourceTree = "<group>"; };
		1DDA508C1B2184D6009319FB /* ExpeditionsListViewConreoller.xib */ = {isa = PBXFileReference; fileEncoding = 4; lastKnownFileType = file.xib; name = ExpeditionsListViewConreoller.xib; path = ExpeditionInfo/ExpeditionsListViewConreoller.xib; sourceTree = "<group>"; };
		1DDA50921B21859E009319FB /* 油0.png */ = {isa = PBXFileReference; lastKnownFileType = image.png; path = "油0.png"; sourceTree = "<group>"; };
		1DDA50931B21859E009319FB /* 弹0.png */ = {isa = PBXFileReference; lastKnownFileType = image.png; path = "弹0.png"; sourceTree = "<group>"; };
		1DDA50941B21859E009319FB /* 钢0.png */ = {isa = PBXFileReference; lastKnownFileType = image.png; path = "钢0.png"; sourceTree = "<group>"; };
		1DDA50951B21859E009319FB /* 铝0.png */ = {isa = PBXFileReference; lastKnownFileType = image.png; path = "铝0.png"; sourceTree = "<group>"; };
		1DDA509A1B2185BC009319FB /* 开发建材.png */ = {isa = PBXFileReference; lastKnownFileType = image.png; path = "开发建材.png"; sourceTree = "<group>"; };
		1DDA509E1B2185F3009319FB /* image 456.png */ = {isa = PBXFileReference; lastKnownFileType = image.png; path = "image 456.png"; sourceTree = "<group>"; };
		1DDA509F1B2185F3009319FB /* image 459.png */ = {isa = PBXFileReference; lastKnownFileType = image.png; path = "image 459.png"; sourceTree = "<group>"; };
		1DDA50A01B2185F3009319FB /* image 461.png */ = {isa = PBXFileReference; lastKnownFileType = image.png; path = "image 461.png"; sourceTree = "<group>"; };
		1DDA50A11B2185F3009319FB /* image 463.png */ = {isa = PBXFileReference; lastKnownFileType = image.png; path = "image 463.png"; sourceTree = "<group>"; };
		1DDA50A61B218680009319FB /* 高速修复材.png */ = {isa = PBXFileReference; lastKnownFileType = image.png; path = "高速修复材.png"; sourceTree = "<group>"; };
		1DDA50A71B218680009319FB /* 高速建造材.png */ = {isa = PBXFileReference; lastKnownFileType = image.png; path = "高速建造材.png"; sourceTree = "<group>"; };
		1DDA50AA1B218789009319FB /* logo.png */ = {isa = PBXFileReference; lastKnownFileType = image.png; path = logo.png; sourceTree = "<group>"; };
		1DDA50AC1B21878E009319FB /* bg-body.jpg */ = {isa = PBXFileReference; lastKnownFileType = image.jpeg; path = "bg-body.jpg"; sourceTree = "<group>"; };
		1DDA50AE1B2187A4009319FB /* image 56.png */ = {isa = PBXFileReference; lastKnownFileType = image.png; path = "image 56.png"; sourceTree = "<group>"; };
		9A0BB5A91B2146F80084D30C /* EquipInfoListViewController.h */ = {isa = PBXFileReference; fileEncoding = 4; lastKnownFileType = sourcecode.c.h; path = EquipInfoListViewController.h; sourceTree = "<group>"; };
		9A0BB5AA1B2146F80084D30C /* EquipInfoListViewController.m */ = {isa = PBXFileReference; fileEncoding = 4; lastKnownFileType = sourcecode.c.objc; path = EquipInfoListViewController.m; sourceTree = "<group>"; };
		9A0BB5AC1B2147100084D30C /* EquipInfoDetailViewController.h */ = {isa = PBXFileReference; fileEncoding = 4; lastKnownFileType = sourcecode.c.h; path = EquipInfoDetailViewController.h; sourceTree = "<group>"; };
		9A0BB5AD1B2147100084D30C /* EquipInfoDetailViewController.m */ = {isa = PBXFileReference; fileEncoding = 4; lastKnownFileType = sourcecode.c.objc; path = EquipInfoDetailViewController.m; sourceTree = "<group>"; };
		9A0BB5AE1B2147100084D30C /* EquipInfoDetailViewController.xib */ = {isa = PBXFileReference; fileEncoding = 4; lastKnownFileType = file.xib; path = EquipInfoDetailViewController.xib; sourceTree = "<group>"; };
		9AE46DD71B2130B000C13EA9 /* HTWKcrViewController.h */ = {isa = PBXFileReference; fileEncoding = 4; lastKnownFileType = sourcecode.c.h; path = HTWKcrViewController.h; sourceTree = "<group>"; };
		9AE46DD81B2130B000C13EA9 /* HTWKcrViewController.m */ = {isa = PBXFileReference; fileEncoding = 4; lastKnownFileType = sourcecode.c.objc; path = HTWKcrViewController.m; sourceTree = "<group>"; };
		9AE46DE21B213C0D00C13EA9 /* EquipInfoTableViewController.h */ = {isa = PBXFileReference; fileEncoding = 4; lastKnownFileType = sourcecode.c.h; path = EquipInfoTableViewController.h; sourceTree = "<group>"; };
		9AE46DE31B213C0D00C13EA9 /* EquipInfoTableViewController.m */ = {isa = PBXFileReference; fileEncoding = 4; lastKnownFileType = sourcecode.c.objc; path = EquipInfoTableViewController.m; sourceTree = "<group>"; };
/* End PBXFileReference section */

/* Begin PBXFrameworksBuildPhase section */
		1D9AAC8D1B20BCDA00A190E2 /* Frameworks */ = {
			isa = PBXFrameworksBuildPhase;
			buildActionMask = 2147483647;
			files = (
			);
			runOnlyForDeploymentPostprocessing = 0;
		};
		1D9AACA61B20BCDA00A190E2 /* Frameworks */ = {
			isa = PBXFrameworksBuildPhase;
			buildActionMask = 2147483647;
			files = (
			);
			runOnlyForDeploymentPostprocessing = 0;
		};
/* End PBXFrameworksBuildPhase section */

/* Begin PBXGroup section */
		1D9AAC871B20BCDA00A190E2 = {
			isa = PBXGroup;
			children = (
				1D9AAC921B20BCDA00A190E2 /* KCRHelper */,
				1D9AACAC1B20BCDA00A190E2 /* KCRHelperTests */,
				1D9AAC911B20BCDA00A190E2 /* Products */,
			);
			sourceTree = "<group>";
		};
		1D9AAC911B20BCDA00A190E2 /* Products */ = {
			isa = PBXGroup;
			children = (
				1D9AAC901B20BCDA00A190E2 /* KCRHelper.app */,
				1D9AACA91B20BCDA00A190E2 /* KCRHelperTests.xctest */,
			);
			name = Products;
			sourceTree = "<group>";
		};
		1D9AAC921B20BCDA00A190E2 /* KCRHelper */ = {
			isa = PBXGroup;
			children = (
				1DDA508F1B218550009319FB /* rescources */,
				1D9AAC971B20BCDA00A190E2 /* AppDelegate.h */,
				1D9AAC981B20BCDA00A190E2 /* AppDelegate.m */,
				1D9AACA01B20BCDA00A190E2 /* Images.xcassets */,
				1D9AACA21B20BCDA00A190E2 /* LaunchScreen.xib */,
				9AE46DD61B21303500C13EA9 /* Controllers */,
				1D9AAC931B20BCDA00A190E2 /* Supporting Files */,
			);
			path = KCRHelper;
			sourceTree = "<group>";
		};
		1D9AAC931B20BCDA00A190E2 /* Supporting Files */ = {
			isa = PBXGroup;
			children = (
				1D9AAC941B20BCDA00A190E2 /* Info.plist */,
				1D9AAC951B20BCDA00A190E2 /* main.m */,
			);
			name = "Supporting Files";
			sourceTree = "<group>";
		};
		1D9AACAC1B20BCDA00A190E2 /* KCRHelperTests */ = {
			isa = PBXGroup;
			children = (
				1D9AACAF1B20BCDA00A190E2 /* KCRHelperTests.m */,
				1D9AACAD1B20BCDA00A190E2 /* Supporting Files */,
			);
			path = KCRHelperTests;
			sourceTree = "<group>";
		};
		1D9AACAD1B20BCDA00A190E2 /* Supporting Files */ = {
			isa = PBXGroup;
			children = (
				1D9AACAE1B20BCDA00A190E2 /* Info.plist */,
			);
			name = "Supporting Files";
			sourceTree = "<group>";
		};
		1DDA50871B218287009319FB /* EquipFormular */ = {
			isa = PBXGroup;
			children = (
			);
			name = EquipFormular;
			path = ..;
			sourceTree = "<group>";
		};
		1DDA50881B2182AC009319FB /* QuestInfo */ = {
			isa = PBXGroup;
			children = (
			);
			name = QuestInfo;
			sourceTree = "<group>";
		};
		1DDA50891B2182BA009319FB /* ExpeditionInfo */ = {
			isa = PBXGroup;
			children = (
				1DDA508A1B2184D6009319FB /* ExpeditionsListViewConreoller.h */,
				1DDA508B1B2184D6009319FB /* ExpeditionsListViewConreoller.m */,
				1DDA508C1B2184D6009319FB /* ExpeditionsListViewConreoller.xib */,
			);
			name = ExpeditionInfo;
			sourceTree = "<group>";
		};
		1DDA508F1B218550009319FB /* rescources */ = {
			isa = PBXGroup;
			children = (
				1DDA50911B218570009319FB /* UI */,
				1DDA50901B21855D009319FB /* launchScreen */,
			);
			name = rescources;
			sourceTree = "<group>";
		};
		1DDA50901B21855D009319FB /* launchScreen */ = {
			isa = PBXGroup;
			children = (
				1DDA50AA1B218789009319FB /* logo.png */,
				1DDA50AC1B21878E009319FB /* bg-body.jpg */,
				1DDA50AE1B2187A4009319FB /* image 56.png */,
			);
			name = launchScreen;
			sourceTree = "<group>";
		};
		1DDA50911B218570009319FB /* UI */ = {
			isa = PBXGroup;
			children = (
				1DDA50A61B218680009319FB /* 高速修复材.png */,
				1DDA50A71B218680009319FB /* 高速建造材.png */,
				1DDA509A1B2185BC009319FB /* 开发建材.png */,
				1DDA50921B21859E009319FB /* 油0.png */,
				1DDA50931B21859E009319FB /* 弹0.png */,
				1DDA50941B21859E009319FB /* 钢0.png */,
				1DDA50951B21859E009319FB /* 铝0.png */,
				1DDA509E1B2185F3009319FB /* image 456.png */,
				1DDA509F1B2185F3009319FB /* image 459.png */,
				1DDA50A01B2185F3009319FB /* image 461.png */,
				1DDA50A11B2185F3009319FB /* image 463.png */,
			);
			name = UI;
			sourceTree = "<group>";
		};
		9AE46DD61B21303500C13EA9 /* Controllers */ = {
			isa = PBXGroup;
			children = (
				9AE46DD71B2130B000C13EA9 /* HTWKcrViewController.h */,
				9AE46DD81B2130B000C13EA9 /* HTWKcrViewController.m */,
				1D2708181B21936200C95571 /* HTWKcrViewController.xib */,
				9AE46DDF1B213BAF00C13EA9 /* EquipInfo */,
				9AE46DE11B213BAF00C13EA9 /* ShipInfo */,
				9AE46DE01B213BAF00C13EA9 /* ShipFormular */,
				1DDA50871B218287009319FB /* EquipFormular */,
				1DDA50881B2182AC009319FB /* QuestInfo */,
				1DDA50891B2182BA009319FB /* ExpeditionInfo */,
			);
			path = Controllers;
			sourceTree = "<group>";
		};
		9AE46DDF1B213BAF00C13EA9 /* EquipInfo */ = {
			isa = PBXGroup;
			children = (
				9AE46DE21B213C0D00C13EA9 /* EquipInfoTableViewController.h */,
				9AE46DE31B213C0D00C13EA9 /* EquipInfoTableViewController.m */,
				9A0BB5A91B2146F80084D30C /* EquipInfoListViewController.h */,
				9A0BB5AA1B2146F80084D30C /* EquipInfoListViewController.m */,
				9A0BB5AC1B2147100084D30C /* EquipInfoDetailViewController.h */,
				9A0BB5AD1B2147100084D30C /* EquipInfoDetailViewController.m */,
				9A0BB5AE1B2147100084D30C /* EquipInfoDetailViewController.xib */,
			);
			path = EquipInfo;
			sourceTree = "<group>";
		};
		9AE46DE01B213BAF00C13EA9 /* ShipFormular */ = {
			isa = PBXGroup;
			children = (
			);
			path = ShipFormular;
			sourceTree = "<group>";
		};
		9AE46DE11B213BAF00C13EA9 /* ShipInfo */ = {
			isa = PBXGroup;
			children = (
			);
			path = ShipInfo;
			sourceTree = "<group>";
		};
/* End PBXGroup section */

/* Begin PBXNativeTarget section */
		1D9AAC8F1B20BCDA00A190E2 /* KCRHelper */ = {
			isa = PBXNativeTarget;
			buildConfigurationList = 1D9AACB31B20BCDA00A190E2 /* Build configuration list for PBXNativeTarget "KCRHelper" */;
			buildPhases = (
				1D9AAC8C1B20BCDA00A190E2 /* Sources */,
				1D9AAC8D1B20BCDA00A190E2 /* Frameworks */,
				1D9AAC8E1B20BCDA00A190E2 /* Resources */,
			);
			buildRules = (
			);
			dependencies = (
			);
			name = KCRHelper;
			productName = KCRHelper;
			productReference = 1D9AAC901B20BCDA00A190E2 /* KCRHelper.app */;
			productType = "com.apple.product-type.application";
		};
		1D9AACA81B20BCDA00A190E2 /* KCRHelperTests */ = {
			isa = PBXNativeTarget;
			buildConfigurationList = 1D9AACB61B20BCDA00A190E2 /* Build configuration list for PBXNativeTarget "KCRHelperTests" */;
			buildPhases = (
				1D9AACA51B20BCDA00A190E2 /* Sources */,
				1D9AACA61B20BCDA00A190E2 /* Frameworks */,
				1D9AACA71B20BCDA00A190E2 /* Resources */,
			);
			buildRules = (
			);
			dependencies = (
				1D9AACAB1B20BCDA00A190E2 /* PBXTargetDependency */,
			);
			name = KCRHelperTests;
			productName = KCRHelperTests;
			productReference = 1D9AACA91B20BCDA00A190E2 /* KCRHelperTests.xctest */;
			productType = "com.apple.product-type.bundle.unit-test";
		};
/* End PBXNativeTarget section */

/* Begin PBXProject section */
		1D9AAC881B20BCDA00A190E2 /* Project object */ = {
			isa = PBXProject;
			attributes = {
				LastUpgradeCheck = 0630;
				ORGANIZATIONNAME = HenTaiWorkerspace;
				TargetAttributes = {
					1D9AAC8F1B20BCDA00A190E2 = {
						CreatedOnToolsVersion = 6.3;
					};
					1D9AACA81B20BCDA00A190E2 = {
						CreatedOnToolsVersion = 6.3;
						TestTargetID = 1D9AAC8F1B20BCDA00A190E2;
					};
				};
			};
			buildConfigurationList = 1D9AAC8B1B20BCDA00A190E2 /* Build configuration list for PBXProject "KCRHelper" */;
			compatibilityVersion = "Xcode 3.2";
			developmentRegion = English;
			hasScannedForEncodings = 0;
			knownRegions = (
				en,
				Base,
			);
			mainGroup = 1D9AAC871B20BCDA00A190E2;
			productRefGroup = 1D9AAC911B20BCDA00A190E2 /* Products */;
			projectDirPath = "";
			projectRoot = "";
			targets = (
				1D9AAC8F1B20BCDA00A190E2 /* KCRHelper */,
				1D9AACA81B20BCDA00A190E2 /* KCRHelperTests */,
			);
		};
/* End PBXProject section */

/* Begin PBXResourcesBuildPhase section */
		1D9AAC8E1B20BCDA00A190E2 /* Resources */ = {
			isa = PBXResourcesBuildPhase;
			buildActionMask = 2147483647;
			files = (
				1DDA509B1B2185BC009319FB /* 开发建材.png in Resources */,
				9A0BB5B01B2147100084D30C /* EquipInfoDetailViewController.xib in Resources */,
				1DDA50A41B2185F3009319FB /* image 461.png in Resources */,
				1DDA508E1B2184D6009319FB /* ExpeditionsListViewConreoller.xib in Resources */,
				1DDA50AB1B218789009319FB /* logo.png in Resources */,
				1DDA50A91B218680009319FB /* 高速建造材.png in Resources */,
				1DDA50981B21859E009319FB /* 钢0.png in Resources */,
				1DDA50991B21859E009319FB /* 铝0.png in Resources */,
				1DDA50971B21859E009319FB /* 弹0.png in Resources */,
				1DDA50AD1B21878E009319FB /* bg-body.jpg in Resources */,
				1D9AACA41B20BCDA00A190E2 /* LaunchScreen.xib in Resources */,
				1D2708191B21936200C95571 /* HTWKcrViewController.xib in Resources */,
				1DDA50AF1B2187A4009319FB /* image 56.png in Resources */,
				1DDA50A51B2185F3009319FB /* image 463.png in Resources */,
				1DDA50A81B218680009319FB /* 高速修复材.png in Resources */,
				1DDA50961B21859E009319FB /* 油0.png in Resources */,
				1DDA50A21B2185F3009319FB /* image 456.png in Resources */,
				1DDA50A31B2185F3009319FB /* image 459.png in Resources */,
				1D9AACA11B20BCDA00A190E2 /* Images.xcassets in Resources */,
			);
			runOnlyForDeploymentPostprocessing = 0;
		};
		1D9AACA71B20BCDA00A190E2 /* Resources */ = {
			isa = PBXResourcesBuildPhase;
			buildActionMask = 2147483647;
			files = (
			);
			runOnlyForDeploymentPostprocessing = 0;
		};
/* End PBXResourcesBuildPhase section */

/* Begin PBXSourcesBuildPhase section */
		1D9AAC8C1B20BCDA00A190E2 /* Sources */ = {
			isa = PBXSourcesBuildPhase;
			buildActionMask = 2147483647;
			files = (
				9AE46DE41B213C0D00C13EA9 /* EquipInfoTableViewController.m in Sources */,
				9A0BB5AB1B2146F80084D30C /* EquipInfoListViewController.m in Sources */,
				9A0BB5AF1B2147100084D30C /* EquipInfoDetailViewController.m in Sources */,
				9AE46DDA1B2130B000C13EA9 /* HTWKcrViewController.m in Sources */,
				1DDA508D1B2184D6009319FB /* ExpeditionsListViewConreoller.m in Sources */,
				1D9AAC991B20BCDA00A190E2 /* AppDelegate.m in Sources */,
				1D9AAC961B20BCDA00A190E2 /* main.m in Sources */,
			);
			runOnlyForDeploymentPostprocessing = 0;
		};
		1D9AACA51B20BCDA00A190E2 /* Sources */ = {
			isa = PBXSourcesBuildPhase;
			buildActionMask = 2147483647;
			files = (
				1D9AACB01B20BCDA00A190E2 /* KCRHelperTests.m in Sources */,
			);
			runOnlyForDeploymentPostprocessing = 0;
		};
/* End PBXSourcesBuildPhase section */

/* Begin PBXTargetDependency section */
		1D9AACAB1B20BCDA00A190E2 /* PBXTargetDependency */ = {
			isa = PBXTargetDependency;
			target = 1D9AAC8F1B20BCDA00A190E2 /* KCRHelper */;
			targetProxy = 1D9AACAA1B20BCDA00A190E2 /* PBXContainerItemProxy */;
		};
/* End PBXTargetDependency section */

/* Begin PBXVariantGroup section */
		1D9AACA21B20BCDA00A190E2 /* LaunchScreen.xib */ = {
			isa = PBXVariantGroup;
			children = (
				1D9AACA31B20BCDA00A190E2 /* Base */,
			);
			name = LaunchScreen.xib;
			sourceTree = "<group>";
		};
/* End PBXVariantGroup section */

/* Begin XCBuildConfiguration section */
		1D9AACB11B20BCDA00A190E2 /* Debug */ = {
			isa = XCBuildConfiguration;
			buildSettings = {
				ALWAYS_SEARCH_USER_PATHS = NO;
				CLANG_CXX_LANGUAGE_STANDARD = "gnu++0x";
				CLANG_CXX_LIBRARY = "libc++";
				CLANG_ENABLE_MODULES = YES;
				CLANG_ENABLE_OBJC_ARC = YES;
				CLANG_WARN_BOOL_CONVERSION = YES;
				CLANG_WARN_CONSTANT_CONVERSION = YES;
				CLANG_WARN_DIRECT_OBJC_ISA_USAGE = YES_ERROR;
				CLANG_WARN_EMPTY_BODY = YES;
				CLANG_WARN_ENUM_CONVERSION = YES;
				CLANG_WARN_INT_CONVERSION = YES;
				CLANG_WARN_OBJC_ROOT_CLASS = YES_ERROR;
				CLANG_WARN_UNREACHABLE_CODE = YES;
				CLANG_WARN__DUPLICATE_METHOD_MATCH = YES;
				"CODE_SIGN_IDENTITY[sdk=iphoneos*]" = "iPhone Developer";
				COPY_PHASE_STRIP = NO;
				DEBUG_INFORMATION_FORMAT = "dwarf-with-dsym";
				ENABLE_STRICT_OBJC_MSGSEND = YES;
				GCC_C_LANGUAGE_STANDARD = gnu99;
				GCC_DYNAMIC_NO_PIC = NO;
				GCC_NO_COMMON_BLOCKS = YES;
				GCC_OPTIMIZATION_LEVEL = 0;
				GCC_PREPROCESSOR_DEFINITIONS = (
					"DEBUG=1",
					"$(inherited)",
				);
				GCC_SYMBOLS_PRIVATE_EXTERN = NO;
				GCC_WARN_64_TO_32_BIT_CONVERSION = YES;
				GCC_WARN_ABOUT_RETURN_TYPE = YES_ERROR;
				GCC_WARN_UNDECLARED_SELECTOR = YES;
				GCC_WARN_UNINITIALIZED_AUTOS = YES_AGGRESSIVE;
				GCC_WARN_UNUSED_FUNCTION = YES;
				GCC_WARN_UNUSED_VARIABLE = YES;
				IPHONEOS_DEPLOYMENT_TARGET = 8.3;
				MTL_ENABLE_DEBUG_INFO = YES;
				ONLY_ACTIVE_ARCH = YES;
				SDKROOT = iphoneos;
			};
			name = Debug;
		};
		1D9AACB21B20BCDA00A190E2 /* Release */ = {
			isa = XCBuildConfiguration;
			buildSettings = {
				ALWAYS_SEARCH_USER_PATHS = NO;
				CLANG_CXX_LANGUAGE_STANDARD = "gnu++0x";
				CLANG_CXX_LIBRARY = "libc++";
				CLANG_ENABLE_MODULES = YES;
				CLANG_ENABLE_OBJC_ARC = YES;
				CLANG_WARN_BOOL_CONVERSION = YES;
				CLANG_WARN_CONSTANT_CONVERSION = YES;
				CLANG_WARN_DIRECT_OBJC_ISA_USAGE = YES_ERROR;
				CLANG_WARN_EMPTY_BODY = YES;
				CLANG_WARN_ENUM_CONVERSION = YES;
				CLANG_WARN_INT_CONVERSION = YES;
				CLANG_WARN_OBJC_ROOT_CLASS = YES_ERROR;
				CLANG_WARN_UNREACHABLE_CODE = YES;
				CLANG_WARN__DUPLICATE_METHOD_MATCH = YES;
				"CODE_SIGN_IDENTITY[sdk=iphoneos*]" = "iPhone Developer";
				COPY_PHASE_STRIP = NO;
				DEBUG_INFORMATION_FORMAT = "dwarf-with-dsym";
				ENABLE_NS_ASSERTIONS = NO;
				ENABLE_STRICT_OBJC_MSGSEND = YES;
				GCC_C_LANGUAGE_STANDARD = gnu99;
				GCC_NO_COMMON_BLOCKS = YES;
				GCC_WARN_64_TO_32_BIT_CONVERSION = YES;
				GCC_WARN_ABOUT_RETURN_TYPE = YES_ERROR;
				GCC_WARN_UNDECLARED_SELECTOR = YES;
				GCC_WARN_UNINITIALIZED_AUTOS = YES_AGGRESSIVE;
				GCC_WARN_UNUSED_FUNCTION = YES;
				GCC_WARN_UNUSED_VARIABLE = YES;
				IPHONEOS_DEPLOYMENT_TARGET = 8.3;
				MTL_ENABLE_DEBUG_INFO = NO;
				SDKROOT = iphoneos;
				VALIDATE_PRODUCT = YES;
			};
			name = Release;
		};
		1D9AACB41B20BCDA00A190E2 /* Debug */ = {
			isa = XCBuildConfiguration;
			buildSettings = {
				ASSETCATALOG_COMPILER_APPICON_NAME = AppIcon;
				INFOPLIST_FILE = KCRHelper/Info.plist;
				IPHONEOS_DEPLOYMENT_TARGET = 8.0;
				LD_RUNPATH_SEARCH_PATHS = "$(inherited) @executable_path/Frameworks";
				PRODUCT_NAME = "$(TARGET_NAME)";
			};
			name = Debug;
		};
		1D9AACB51B20BCDA00A190E2 /* Release */ = {
			isa = XCBuildConfiguration;
			buildSettings = {
				ASSETCATALOG_COMPILER_APPICON_NAME = AppIcon;
				INFOPLIST_FILE = KCRHelper/Info.plist;
				IPHONEOS_DEPLOYMENT_TARGET = 8.0;
				LD_RUNPATH_SEARCH_PATHS = "$(inherited) @executable_path/Frameworks";
				PRODUCT_NAME = "$(TARGET_NAME)";
			};
			name = Release;
		};
		1D9AACB71B20BCDA00A190E2 /* Debug */ = {
			isa = XCBuildConfiguration;
			buildSettings = {
				BUNDLE_LOADER = "$(TEST_HOST)";
				FRAMEWORK_SEARCH_PATHS = (
					"$(SDKROOT)/Developer/Library/Frameworks",
					"$(inherited)",
				);
				GCC_PREPROCESSOR_DEFINITIONS = (
					"DEBUG=1",
					"$(inherited)",
				);
				INFOPLIST_FILE = KCRHelperTests/Info.plist;
				LD_RUNPATH_SEARCH_PATHS = "$(inherited) @executable_path/Frameworks @loader_path/Frameworks";
				PRODUCT_NAME = "$(TARGET_NAME)";
				TEST_HOST = "$(BUILT_PRODUCTS_DIR)/KCRHelper.app/KCRHelper";
			};
			name = Debug;
		};
		1D9AACB81B20BCDA00A190E2 /* Release */ = {
			isa = XCBuildConfiguration;
			buildSettings = {
				BUNDLE_LOADER = "$(TEST_HOST)";
				FRAMEWORK_SEARCH_PATHS = (
					"$(SDKROOT)/Developer/Library/Frameworks",
					"$(inherited)",
				);
				INFOPLIST_FILE = KCRHelperTests/Info.plist;
				LD_RUNPATH_SEARCH_PATHS = "$(inherited) @executable_path/Frameworks @loader_path/Frameworks";
				PRODUCT_NAME = "$(TARGET_NAME)";
				TEST_HOST = "$(BUILT_PRODUCTS_DIR)/KCRHelper.app/KCRHelper";
			};
			name = Release;
		};
/* End XCBuildConfiguration section */

/* Begin XCConfigurationList section */
		1D9AAC8B1B20BCDA00A190E2 /* Build configuration list for PBXProject "KCRHelper" */ = {
			isa = XCConfigurationList;
			buildConfigurations = (
				1D9AACB11B20BCDA00A190E2 /* Debug */,
				1D9AACB21B20BCDA00A190E2 /* Release */,
			);
			defaultConfigurationIsVisible = 0;
			defaultConfigurationName = Release;
		};
		1D9AACB31B20BCDA00A190E2 /* Build configuration list for PBXNativeTarget "KCRHelper" */ = {
			isa = XCConfigurationList;
			buildConfigurations = (
				1D9AACB41B20BCDA00A190E2 /* Debug */,
				1D9AACB51B20BCDA00A190E2 /* Release */,
			);
			defaultConfigurationIsVisible = 0;
			defaultConfigurationName = Release;
		};
		1D9AACB61B20BCDA00A190E2 /* Build configuration list for PBXNativeTarget "KCRHelperTests" */ = {
			isa = XCConfigurationList;
			buildConfigurations = (
				1D9AACB71B20BCDA00A190E2 /* Debug */,
				1D9AACB81B20BCDA00A190E2 /* Release */,
			);
			defaultConfigurationIsVisible = 0;
			defaultConfigurationName = Release;
		};
/* End XCConfigurationList section */
	};
	rootObject = 1D9AAC881B20BCDA00A190E2 /* Project object */;
}
